
Microsoft Visual Studio Solution File, Format Version 12.00
# Visual Studio 15
VisualStudioVersion = 15.0.27130.0
MinimumVisualStudioVersion = 10.0.40219.1
Project("{9A19103F-16F7-4668-BE54-9A1E7A4F7556}") = "OcelotGateway", "OcelotGateway\OcelotGateway.csproj", "{8AE9E06A-131E-4EAC-9A35-C8FDB2F883C2}"
EndProject
Project("{9A19103F-16F7-4668-BE54-9A1E7A4F7556}") = "DemoAAPI", "HisAPI\DemoAAPI.csproj", "{CDF6C162-510C-4CA8-9534-0D4B5C49D3D6}"
EndProject
Project("{9A19103F-16F7-4668-BE54-9A1E7A4F7556}") = "DemoBAPI", "DemoBAPI\DemoBAPI.csproj", "{1CE1849D-0F72-450E-831B-B7211F33BED0}"
EndProject
Project("{9A19103F-16F7-4668-BE54-9A1E7A4F7556}") = "Ocelot.JWTAuthorizePolicy", "Ocelot.JWTAuthorizePolicy\Ocelot.JWTAuthorizePolicy.csproj", "{612F9C5B-F97B-4BBC-9E07-71447397C8DC}"
EndProject
Project("{9A19103F-16F7-4668-BE54-9A1E7A4F7556}") = "AuthenticationAPI", "AuthenticationAPI\AuthenticationAPI.csproj", "{18B91F57-F6C6-43CA-A4C1-801395379FA0}"
EndProject
Project("{FAE04EC0-301F-11D3-BF4B-00C04F79EFBC}") = "TestClient", "TestClient\TestClient.csproj", "{2387BB0B-FF12-41C2-80B9-5ADE13D90988}"
EndProject
Global
	GlobalSection(SolutionConfigurationPlatforms) = preSolution
		Debug|Any CPU = Debug|Any CPU
		Release|Any CPU = Release|Any CPU
	EndGlobalSection
	GlobalSection(ProjectConfigurationPlatforms) = postSolution
		{8AE9E06A-131E-4EAC-9A35-C8FDB2F883C2}.Debug|Any CPU.ActiveCfg = Debug|Any CPU
		{8AE9E06A-131E-4EAC-9A35-C8FDB2F883C2}.Debug|Any CPU.Build.0 = Debug|Any CPU
		{8AE9E06A-131E-4EAC-9A35-C8FDB2F883C2}.Release|Any CPU.ActiveCfg = Release|Any CPU
		{8AE9E06A-131E-4EAC-9A35-C8FDB2F883C2}.Release|Any CPU.Build.0 = Release|Any CPU
		{CDF6C162-510C-4CA8-9534-0D4B5C49D3D6}.Debug|Any CPU.ActiveCfg = Debug|Any CPU
		{CDF6C162-510C-4CA8-9534-0D4B5C49D3D6}.Debug|Any CPU.Build.0 = Debug|Any CPU
		{CDF6C162-510C-4CA8-9534-0D4B5C49D3D6}.Release|Any CPU.ActiveCfg = Release|Any CPU
		{CDF6C162-510C-4CA8-9534-0D4B5C49D3D6}.Release|Any CPU.Build.0 = Release|Any CPU
		{1CE1849D-0F72-450E-831B-B7211F33BED0}.Debug|Any CPU.ActiveCfg = Debug|Any CPU
		{1CE1849D-0F72-450E-831B-B7211F33BED0}.Debug|Any CPU.Build.0 = Debug|Any CPU
		{1CE1849D-0F72-450E-831B-B7211F33BED0}.Release|Any CPU.ActiveCfg = Release|Any CPU
		{1CE1849D-0F72-450E-831B-B7211F33BED0}.Release|Any CPU.Build.0 = Release|Any CPU
		{612F9C5B-F97B-4BBC-9E07-71447397C8DC}.Debug|Any CPU.ActiveCfg = Debug|Any CPU
		{612F9C5B-F97B-4BBC-9E07-71447397C8DC}.Debug|Any CPU.Build.0 = Debug|Any CPU
		{612F9C5B-F97B-4BBC-9E07-71447397C8DC}.Release|Any CPU.ActiveCfg = Release|Any CPU
		{612F9C5B-F97B-4BBC-9E07-71447397C8DC}.Release|Any CPU.Build.0 = Release|Any CPU
		{18B91F57-F6C6-43CA-A4C1-801395379FA0}.Debug|Any CPU.ActiveCfg = Debug|Any CPU
		{18B91F57-F6C6-43CA-A4C1-801395379FA0}.Debug|Any CPU.Build.0 = Debug|Any CPU
		{18B91F57-F6C6-43CA-A4C1-801395379FA0}.Release|Any CPU.ActiveCfg = Release|Any CPU
		{18B91F57-F6C6-43CA-A4C1-801395379FA0}.Release|Any CPU.Build.0 = Release|Any CPU
		{2387BB0B-FF12-41C2-80B9-5ADE13D90988}.Debug|Any CPU.ActiveCfg = Debug|Any CPU
		{2387BB0B-FF12-41C2-80B9-5ADE13D90988}.Debug|Any CPU.Build.0 = Debug|Any CPU
		{2387BB0B-FF12-41C2-80B9-5ADE13D90988}.Release|Any CPU.ActiveCfg = Release|Any CPU
		{2387BB0B-FF12-41C2-80B9-5ADE13D90988}.Release|Any CPU.Build.0 = Release|Any CPU
	EndGlobalSection
	GlobalSection(SolutionProperties) = preSolution
		HideSolutionNode = FALSE
	EndGlobalSection
	GlobalSection(ExtensibilityGlobals) = postSolution
		SolutionGuid = {44B64D8F-7CA6-4992-B4D5-C79D85B95B19}
	EndGlobalSection
EndGlobal
